
Microsoft Visual Studio Solution File, Format Version 12.00
# Visual Studio Version 16
VisualStudioVersion = 16.0.33927.289
MinimumVisualStudioVersion = 10.0.40219.1
Project("{2150E333-8FDC-42A3-9474-1A3956D46DE8}") = "Task0", "Task0", "{C01988AD-3287-4929-ADBE-025EE33EA792}"
EndProject
Project("{FAE04EC0-301F-11D3-BF4B-00C04F79EFBC}") = "Tyuiu.ZhdanovaAA.Sprint2.Task0.V23", "Tyuiu.ZhdanovaAA.Sprint2.Task0.V23\Tyuiu.ZhdanovaAA.Sprint2.Task0.V23.csproj", "{57EF68F5-1C85-4A3A-8E1C-B00746AC4C8E}"
EndProject
Project("{FAE04EC0-301F-11D3-BF4B-00C04F79EFBC}") = "Tyuiu.ZhdanovaAA.Sprint2.Task0.V23.Test", "Tyuiu.ZhdanovaAA.Sprint2.Task0.V23.Test\Tyuiu.ZhdanovaAA.Sprint2.Task0.V23.Test.csproj", "{1E96DF56-61E8-4EBC-AFD4-CD0EE6E03C01}"
EndProject
Project("{FAE04EC0-301F-11D3-BF4B-00C04F79EFBC}") = "Tyuiu.ZhdanovaAA.Sprint2.Task0.V23.Lib", "Tyuiu.ZhdanovaAA.Sprint2.Task0.V23.Lib\Tyuiu.ZhdanovaAA.Sprint2.Task0.V23.Lib.csproj", "{12B2A31C-557A-4340-A1AA-A24CBD6DC466}"
EndProject
Project("{2150E333-8FDC-42A3-9474-1A3956D46DE8}") = "Task1", "Task1", "{8D4364F3-180A-40D4-B53A-76947871B857}"
EndProject
Project("{FAE04EC0-301F-11D3-BF4B-00C04F79EFBC}") = "Tyuiu.ZhdanovaAA.Sprint2.Task1.V26", "Tyuiu.ZhdanovaAA.Sprint2.Task1.V26\Tyuiu.ZhdanovaAA.Sprint2.Task1.V26.csproj", "{1336A547-68C0-4739-ACE9-980A69E51E70}"
EndProject
Project("{FAE04EC0-301F-11D3-BF4B-00C04F79EFBC}") = "Tyuiu.ZhdanovaAA.Sprint2.Task1.V26.Test", "Tyuiu.ZhdanovaAA.Sprint2.Task1.V26.Test\Tyuiu.ZhdanovaAA.Sprint2.Task1.V26.Test.csproj", "{14362EFA-C7CB-4522-B45D-BE8F8958DC5B}"
EndProject
Project("{FAE04EC0-301F-11D3-BF4B-00C04F79EFBC}") = "Tyuiu.ZhdanovaAA.Sprint2.Task1.V26.Lib", "Tyuiu.ZhdanovaAA.Sprint2.Task1.V26.Lib\Tyuiu.ZhdanovaAA.Sprint2.Task1.V26.Lib.csproj", "{5E20EC50-FA6C-4089-AA65-B6B968B29FB6}"
EndProject
Project("{2150E333-8FDC-42A3-9474-1A3956D46DE8}") = "Task2", "Task2", "{B1A08783-879C-43EE-A4C2-9220B27B0B6A}"
EndProject
Project("{FAE04EC0-301F-11D3-BF4B-00C04F79EFBC}") = "Tyuiu.ZhdanovaAA.Sprint2.Task2.V9", "Tyuiu.ZhdanovaAA.Sprint2.Task2.V9\Tyuiu.ZhdanovaAA.Sprint2.Task2.V9.csproj", "{759D5BFA-AE09-461F-AEB2-1A3A32365134}"
EndProject
Project("{FAE04EC0-301F-11D3-BF4B-00C04F79EFBC}") = "Tyuiu.ZhdanovaAA.Sprint2.Task2.V9.Lib", "Tyuiu.ZhdanovaAA.Sprint2.Task2.V9.Lib\Tyuiu.ZhdanovaAA.Sprint2.Task2.V9.Lib.csproj", "{1EFF6D23-D0AF-4CC4-97D4-DA18BD7ADCF3}"
EndProject
Project("{FAE04EC0-301F-11D3-BF4B-00C04F79EFBC}") = "Tyuiu.ZhdanovaAA.Sprint2.Task2.V9.Test", "Tyuiu.ZhdanovaAA.Sprint2.Task2.V9.Test\Tyuiu.ZhdanovaAA.Sprint2.Task2.V9.Test.csproj", "{BEBBFDE4-6E80-4E95-8619-939D1476289F}"
EndProject
Project("{2150E333-8FDC-42A3-9474-1A3956D46DE8}") = "Task3", "Task3", "{5FAA207C-51C6-4DAD-B01F-45CE32AD0242}"
EndProject
Project("{FAE04EC0-301F-11D3-BF4B-00C04F79EFBC}") = "Tyuiu.ZhdanovaAA.Sprint2.Task3.V2", "Tyuiu.ZhdanovaAA.Sprint2.Task3.V2\Tyuiu.ZhdanovaAA.Sprint2.Task3.V2.csproj", "{17CCE8BB-9688-48B0-B72C-21D07E3969A1}"
EndProject
Project("{FAE04EC0-301F-11D3-BF4B-00C04F79EFBC}") = "Tyuiu.ZhdanovaAA.Sprint2.Task3.V2.Test", "Tyuiu.ZhdanovaAA.Sprint2.Task3.V2.Test\Tyuiu.ZhdanovaAA.Sprint2.Task3.V2.Test.csproj", "{C51E49E8-8964-456C-8963-A7BEE338517A}"
EndProject
Project("{FAE04EC0-301F-11D3-BF4B-00C04F79EFBC}") = "Tyuiu.ZhdanovaAA.Sprint2.Task3.V2.Lib", "Tyuiu.ZhdanovaAA.Sprint2.Task3.V2.Lib\Tyuiu.ZhdanovaAA.Sprint2.Task3.V2.Lib.csproj", "{6665450B-ECDD-44F1-AB45-9610929B01C4}"
EndProject
Project("{2150E333-8FDC-42A3-9474-1A3956D46DE8}") = "Task4", "Task4", "{EEA176DA-FF71-42EB-A8C3-051C301F2ECA}"
EndProject
Project("{FAE04EC0-301F-11D3-BF4B-00C04F79EFBC}") = "Tyuiu.ZhdanovaAA.Sprint2.Task4.V9", "Tyuiu.ZhdanovaAA.Sprint2.Task4.V9\Tyuiu.ZhdanovaAA.Sprint2.Task4.V9.csproj", "{E8B40348-E95C-4345-A435-B188B6B61530}"
EndProject
Project("{FAE04EC0-301F-11D3-BF4B-00C04F79EFBC}") = "Tyuiu.ZhdanovaAA.Sprint2.Task4.V9.Lib", "Tyuiu.ZhdanovaAA.Sprint2.Task4.V9.Lib\Tyuiu.ZhdanovaAA.Sprint2.Task4.V9.Lib.csproj", "{F1FFB229-0AE3-4C61-887A-654AC4E84B56}"
EndProject
Project("{FAE04EC0-301F-11D3-BF4B-00C04F79EFBC}") = "Tyuiu.ZhdanovaAA.Sprint2.Task4.V9.Test", "Tyuiu.ZhdanovaAA.Sprint2.Task4.V9.Test\Tyuiu.ZhdanovaAA.Sprint2.Task4.V9.Test.csproj", "{4ECEDBD4-72BE-4BD0-B7B5-04DFDD4DC0E4}"
EndProject
Project("{2150E333-8FDC-42A3-9474-1A3956D46DE8}") = "Task5", "Task5", "{34C7FBA8-3EDD-4273-950A-3C86D8BFB2FE}"
EndProject
Project("{FAE04EC0-301F-11D3-BF4B-00C04F79EFBC}") = "Tyuiu.ZhdanovaAA.Sprint2.Task5.V9", "Tyuiu.ZhdanovaAA.Sprint2.Task5.V9\Tyuiu.ZhdanovaAA.Sprint2.Task5.V9.csproj", "{BD7E1E4D-E224-4266-8E40-FA6B0866D2E7}"
EndProject
Project("{FAE04EC0-301F-11D3-BF4B-00C04F79EFBC}") = "Tyuiu.ZhdanovaAA.Sprint2.Task5.V9.Test", "Tyuiu.ZhdanovaAA.Sprint2.Task5.V9.Test\Tyuiu.ZhdanovaAA.Sprint2.Task5.V9.Test.csproj", "{6476021C-3CC9-4AD4-AB7D-64FB0C74CAA8}"
EndProject
Project("{FAE04EC0-301F-11D3-BF4B-00C04F79EFBC}") = "Tyuiu.ZhdanovaAA.Sprint2.Task5.V9.Lib", "Tyuiu.ZhdanovaAA.Sprint2.Task5.V9.Lib\Tyuiu.ZhdanovaAA.Sprint2.Task5.V9.Lib.csproj", "{8345B5B7-A192-4C32-8EED-BE8A320033F9}"
EndProject
Project("{2150E333-8FDC-42A3-9474-1A3956D46DE8}") = "Task6", "Task6", "{14E417EF-027B-453B-B12F-0296A24A0CEB}"
EndProject
Project("{FAE04EC0-301F-11D3-BF4B-00C04F79EFBC}") = "Tyuiu.ZhdanovaAA.Sprint2.Task6.V11", "Tyuiu.ZhdanovaAA.Sprint2.Task6.V11\Tyuiu.ZhdanovaAA.Sprint2.Task6.V11.csproj", "{C043D60D-383C-4EA7-B396-180C249AE5FF}"
EndProject
Project("{FAE04EC0-301F-11D3-BF4B-00C04F79EFBC}") = "Tyuiu.ZhdanovaAA.Sprint2.Task6.V11.Lib", "Tyuiu.ZhdanovaAA.Sprint2.Task6.V11.Lib\Tyuiu.ZhdanovaAA.Sprint2.Task6.V11.Lib.csproj", "{7698C6D5-D594-4DFD-863A-662B262533BB}"
EndProject
Project("{FAE04EC0-301F-11D3-BF4B-00C04F79EFBC}") = "Tyuiu.ZhdanovaAA.Sprint2.Task6.V11.Test", "Tyuiu.ZhdanovaAA.Sprint2.Task6.V11.Test\Tyuiu.ZhdanovaAA.Sprint2.Task6.V11.Test.csproj", "{3E9AB36D-F86B-46E6-8CC5-6E8B91DF5A82}"
EndProject
Project("{2150E333-8FDC-42A3-9474-1A3956D46DE8}") = "Task7", "Task7", "{F076CFEE-A6BB-4839-8F6B-9F6CBC1D003F}"
EndProject
Project("{FAE04EC0-301F-11D3-BF4B-00C04F79EFBC}") = "Tyuiu.ZhdanovaAA.Sprint2.Task7.V1", "Tyuiu.ZhdanovaAA.Sprint2.Task7.V1\Tyuiu.ZhdanovaAA.Sprint2.Task7.V1.csproj", "{0F05533C-71AA-408A-88AD-962E79008071}"
EndProject
Project("{FAE04EC0-301F-11D3-BF4B-00C04F79EFBC}") = "Tyuiu.ZhdanovaAA.Sprint2.Task7.V1.Test", "Tyuiu.ZhdanovaAA.Sprint2.Task7.V1.Test\Tyuiu.ZhdanovaAA.Sprint2.Task7.V1.Test.csproj", "{AE86CA82-F805-4F08-82E0-0027A8517A03}"
EndProject
Project("{FAE04EC0-301F-11D3-BF4B-00C04F79EFBC}") = "Tyuiu.ZhdanovaAA.Sprint2.Task7.V1.Lib", "Tyuiu.ZhdanovaAA.Sprint2.Task7.V1.Lib\Tyuiu.ZhdanovaAA.Sprint2.Task7.V1.Lib.csproj", "{62217740-BBB8-49CB-9BA7-799B464AA857}"
EndProject
Global
	GlobalSection(SolutionConfigurationPlatforms) = preSolution
		Debug|Any CPU = Debug|Any CPU
		Release|Any CPU = Release|Any CPU
	EndGlobalSection
	GlobalSection(ProjectConfigurationPlatforms) = postSolution
		{57EF68F5-1C85-4A3A-8E1C-B00746AC4C8E}.Debug|Any CPU.ActiveCfg = Debug|Any CPU
		{57EF68F5-1C85-4A3A-8E1C-B00746AC4C8E}.Debug|Any CPU.Build.0 = Debug|Any CPU
		{57EF68F5-1C85-4A3A-8E1C-B00746AC4C8E}.Release|Any CPU.ActiveCfg = Release|Any CPU
		{57EF68F5-1C85-4A3A-8E1C-B00746AC4C8E}.Release|Any CPU.Build.0 = Release|Any CPU
		{1E96DF56-61E8-4EBC-AFD4-CD0EE6E03C01}.Debug|Any CPU.ActiveCfg = Debug|Any CPU
		{1E96DF56-61E8-4EBC-AFD4-CD0EE6E03C01}.Debug|Any CPU.Build.0 = Debug|Any CPU
		{1E96DF56-61E8-4EBC-AFD4-CD0EE6E03C01}.Release|Any CPU.ActiveCfg = Release|Any CPU
		{1E96DF56-61E8-4EBC-AFD4-CD0EE6E03C01}.Release|Any CPU.Build.0 = Release|Any CPU
		{12B2A31C-557A-4340-A1AA-A24CBD6DC466}.Debug|Any CPU.ActiveCfg = Debug|Any CPU
		{12B2A31C-557A-4340-A1AA-A24CBD6DC466}.Debug|Any CPU.Build.0 = Debug|Any CPU
		{12B2A31C-557A-4340-A1AA-A24CBD6DC466}.Release|Any CPU.ActiveCfg = Release|Any CPU
		{12B2A31C-557A-4340-A1AA-A24CBD6DC466}.Release|Any CPU.Build.0 = Release|Any CPU
		{1336A547-68C0-4739-ACE9-980A69E51E70}.Debug|Any CPU.ActiveCfg = Debug|Any CPU
		{1336A547-68C0-4739-ACE9-980A69E51E70}.Debug|Any CPU.Build.0 = Debug|Any CPU
		{1336A547-68C0-4739-ACE9-980A69E51E70}.Release|Any CPU.ActiveCfg = Release|Any CPU
		{1336A547-68C0-4739-ACE9-980A69E51E70}.Release|Any CPU.Build.0 = Release|Any CPU
		{14362EFA-C7CB-4522-B45D-BE8F8958DC5B}.Debug|Any CPU.ActiveCfg = Debug|Any CPU
		{14362EFA-C7CB-4522-B45D-BE8F8958DC5B}.Debug|Any CPU.Build.0 = Debug|Any CPU
		{14362EFA-C7CB-4522-B45D-BE8F8958DC5B}.Release|Any CPU.ActiveCfg = Release|Any CPU
		{14362EFA-C7CB-4522-B45D-BE8F8958DC5B}.Release|Any CPU.Build.0 = Release|Any CPU
		{5E20EC50-FA6C-4089-AA65-B6B968B29FB6}.Debug|Any CPU.ActiveCfg = Debug|Any CPU
		{5E20EC50-FA6C-4089-AA65-B6B968B29FB6}.Debug|Any CPU.Build.0 = Debug|Any CPU
		{5E20EC50-FA6C-4089-AA65-B6B968B29FB6}.Release|Any CPU.ActiveCfg = Release|Any CPU
		{5E20EC50-FA6C-4089-AA65-B6B968B29FB6}.Release|Any CPU.Build.0 = Release|Any CPU
		{759D5BFA-AE09-461F-AEB2-1A3A32365134}.Debug|Any CPU.ActiveCfg = Debug|Any CPU
		{759D5BFA-AE09-461F-AEB2-1A3A32365134}.Debug|Any CPU.Build.0 = Debug|Any CPU
		{759D5BFA-AE09-461F-AEB2-1A3A32365134}.Release|Any CPU.ActiveCfg = Release|Any CPU
		{759D5BFA-AE09-461F-AEB2-1A3A32365134}.Release|Any CPU.Build.0 = Release|Any CPU
		{1EFF6D23-D0AF-4CC4-97D4-DA18BD7ADCF3}.Debug|Any CPU.ActiveCfg = Debug|Any CPU
		{1EFF6D23-D0AF-4CC4-97D4-DA18BD7ADCF3}.Debug|Any CPU.Build.0 = Debug|Any CPU
		{1EFF6D23-D0AF-4CC4-97D4-DA18BD7ADCF3}.Release|Any CPU.ActiveCfg = Release|Any CPU
		{1EFF6D23-D0AF-4CC4-97D4-DA18BD7ADCF3}.Release|Any CPU.Build.0 = Release|Any CPU
		{BEBBFDE4-6E80-4E95-8619-939D1476289F}.Debug|Any CPU.ActiveCfg = Debug|Any CPU
		{BEBBFDE4-6E80-4E95-8619-939D1476289F}.Debug|Any CPU.Build.0 = Debug|Any CPU
		{BEBBFDE4-6E80-4E95-8619-939D1476289F}.Release|Any CPU.ActiveCfg = Release|Any CPU
		{BEBBFDE4-6E80-4E95-8619-939D1476289F}.Release|Any CPU.Build.0 = Release|Any CPU
		{17CCE8BB-9688-48B0-B72C-21D07E3969A1}.Debug|Any CPU.ActiveCfg = Debug|Any CPU
		{17CCE8BB-9688-48B0-B72C-21D07E3969A1}.Debug|Any CPU.Build.0 = Debug|Any CPU
		{17CCE8BB-9688-48B0-B72C-21D07E3969A1}.Release|Any CPU.ActiveCfg = Release|Any CPU
		{17CCE8BB-9688-48B0-B72C-21D07E3969A1}.Release|Any CPU.Build.0 = Release|Any CPU
		{C51E49E8-8964-456C-8963-A7BEE338517A}.Debug|Any CPU.ActiveCfg = Debug|Any CPU
		{C51E49E8-8964-456C-8963-A7BEE338517A}.Debug|Any CPU.Build.0 = Debug|Any CPU
		{C51E49E8-8964-456C-8963-A7BEE338517A}.Release|Any CPU.ActiveCfg = Release|Any CPU
		{C51E49E8-8964-456C-8963-A7BEE338517A}.Release|Any CPU.Build.0 = Release|Any CPU
		{6665450B-ECDD-44F1-AB45-9610929B01C4}.Debug|Any CPU.ActiveCfg = Debug|Any CPU
		{6665450B-ECDD-44F1-AB45-9610929B01C4}.Debug|Any CPU.Build.0 = Debug|Any CPU
		{6665450B-ECDD-44F1-AB45-9610929B01C4}.Release|Any CPU.ActiveCfg = Release|Any CPU
		{6665450B-ECDD-44F1-AB45-9610929B01C4}.Release|Any CPU.Build.0 = Release|Any CPU
		{E8B40348-E95C-4345-A435-B188B6B61530}.Debug|Any CPU.ActiveCfg = Debug|Any CPU
		{E8B40348-E95C-4345-A435-B188B6B61530}.Debug|Any CPU.Build.0 = Debug|Any CPU
		{E8B40348-E95C-4345-A435-B188B6B61530}.Release|Any CPU.ActiveCfg = Release|Any CPU
		{E8B40348-E95C-4345-A435-B188B6B61530}.Release|Any CPU.Build.0 = Release|Any CPU
		{F1FFB229-0AE3-4C61-887A-654AC4E84B56}.Debug|Any CPU.ActiveCfg = Debug|Any CPU
		{F1FFB229-0AE3-4C61-887A-654AC4E84B56}.Debug|Any CPU.Build.0 = Debug|Any CPU
		{F1FFB229-0AE3-4C61-887A-654AC4E84B56}.Release|Any CPU.ActiveCfg = Release|Any CPU
		{F1FFB229-0AE3-4C61-887A-654AC4E84B56}.Release|Any CPU.Build.0 = Release|Any CPU
		{4ECEDBD4-72BE-4BD0-B7B5-04DFDD4DC0E4}.Debug|Any CPU.ActiveCfg = Debug|Any CPU
		{4ECEDBD4-72BE-4BD0-B7B5-04DFDD4DC0E4}.Debug|Any CPU.Build.0 = Debug|Any CPU
		{4ECEDBD4-72BE-4BD0-B7B5-04DFDD4DC0E4}.Release|Any CPU.ActiveCfg = Release|Any CPU
		{4ECEDBD4-72BE-4BD0-B7B5-04DFDD4DC0E4}.Release|Any CPU.Build.0 = Release|Any CPU
		{BD7E1E4D-E224-4266-8E40-FA6B0866D2E7}.Debug|Any CPU.ActiveCfg = Debug|Any CPU
		{BD7E1E4D-E224-4266-8E40-FA6B0866D2E7}.Debug|Any CPU.Build.0 = Debug|Any CPU
		{BD7E1E4D-E224-4266-8E40-FA6B0866D2E7}.Release|Any CPU.ActiveCfg = Release|Any CPU
		{BD7E1E4D-E224-4266-8E40-FA6B0866D2E7}.Release|Any CPU.Build.0 = Release|Any CPU
		{6476021C-3CC9-4AD4-AB7D-64FB0C74CAA8}.Debug|Any CPU.ActiveCfg = Debug|Any CPU
		{6476021C-3CC9-4AD4-AB7D-64FB0C74CAA8}.Debug|Any CPU.Build.0 = Debug|Any CPU
		{6476021C-3CC9-4AD4-AB7D-64FB0C74CAA8}.Release|Any CPU.ActiveCfg = Release|Any CPU
		{6476021C-3CC9-4AD4-AB7D-64FB0C74CAA8}.Release|Any CPU.Build.0 = Release|Any CPU
		{8345B5B7-A192-4C32-8EED-BE8A320033F9}.Debug|Any CPU.ActiveCfg = Debug|Any CPU
		{8345B5B7-A192-4C32-8EED-BE8A320033F9}.Debug|Any CPU.Build.0 = Debug|Any CPU
		{8345B5B7-A192-4C32-8EED-BE8A320033F9}.Release|Any CPU.ActiveCfg = Release|Any CPU
		{8345B5B7-A192-4C32-8EED-BE8A320033F9}.Release|Any CPU.Build.0 = Release|Any CPU
		{C043D60D-383C-4EA7-B396-180C249AE5FF}.Debug|Any CPU.ActiveCfg = Debug|Any CPU
		{C043D60D-383C-4EA7-B396-180C249AE5FF}.Debug|Any CPU.Build.0 = Debug|Any CPU
		{C043D60D-383C-4EA7-B396-180C249AE5FF}.Release|Any CPU.ActiveCfg = Release|Any CPU
		{C043D60D-383C-4EA7-B396-180C249AE5FF}.Release|Any CPU.Build.0 = Release|Any CPU
		{7698C6D5-D594-4DFD-863A-662B262533BB}.Debug|Any CPU.ActiveCfg = Debug|Any CPU
		{7698C6D5-D594-4DFD-863A-662B262533BB}.Debug|Any CPU.Build.0 = Debug|Any CPU
		{7698C6D5-D594-4DFD-863A-662B262533BB}.Release|Any CPU.ActiveCfg = Release|Any CPU
		{7698C6D5-D594-4DFD-863A-662B262533BB}.Release|Any CPU.Build.0 = Release|Any CPU
		{3E9AB36D-F86B-46E6-8CC5-6E8B91DF5A82}.Debug|Any CPU.ActiveCfg = Debug|Any CPU
		{3E9AB36D-F86B-46E6-8CC5-6E8B91DF5A82}.Debug|Any CPU.Build.0 = Debug|Any CPU
		{3E9AB36D-F86B-46E6-8CC5-6E8B91DF5A82}.Release|Any CPU.ActiveCfg = Release|Any CPU
		{3E9AB36D-F86B-46E6-8CC5-6E8B91DF5A82}.Release|Any CPU.Build.0 = Release|Any CPU
		{0F05533C-71AA-408A-88AD-962E79008071}.Debug|Any CPU.ActiveCfg = Debug|Any CPU
		{0F05533C-71AA-408A-88AD-962E79008071}.Debug|Any CPU.Build.0 = Debug|Any CPU
		{0F05533C-71AA-408A-88AD-962E79008071}.Release|Any CPU.ActiveCfg = Release|Any CPU
		{0F05533C-71AA-408A-88AD-962E79008071}.Release|Any CPU.Build.0 = Release|Any CPU
		{AE86CA82-F805-4F08-82E0-0027A8517A03}.Debug|Any CPU.ActiveCfg = Debug|Any CPU
		{AE86CA82-F805-4F08-82E0-0027A8517A03}.Debug|Any CPU.Build.0 = Debug|Any CPU
		{AE86CA82-F805-4F08-82E0-0027A8517A03}.Release|Any CPU.ActiveCfg = Release|Any CPU
		{AE86CA82-F805-4F08-82E0-0027A8517A03}.Release|Any CPU.Build.0 = Release|Any CPU
		{62217740-BBB8-49CB-9BA7-799B464AA857}.Debug|Any CPU.ActiveCfg = Debug|Any CPU
		{62217740-BBB8-49CB-9BA7-799B464AA857}.Debug|Any CPU.Build.0 = Debug|Any CPU
		{62217740-BBB8-49CB-9BA7-799B464AA857}.Release|Any CPU.ActiveCfg = Release|Any CPU
		{62217740-BBB8-49CB-9BA7-799B464AA857}.Release|Any CPU.Build.0 = Release|Any CPU
	EndGlobalSection
	GlobalSection(SolutionProperties) = preSolution
		HideSolutionNode = FALSE
	EndGlobalSection
	GlobalSection(NestedProjects) = preSolution
		{57EF68F5-1C85-4A3A-8E1C-B00746AC4C8E} = {C01988AD-3287-4929-ADBE-025EE33EA792}
		{1E96DF56-61E8-4EBC-AFD4-CD0EE6E03C01} = {C01988AD-3287-4929-ADBE-025EE33EA792}
		{12B2A31C-557A-4340-A1AA-A24CBD6DC466} = {C01988AD-3287-4929-ADBE-025EE33EA792}
		{1336A547-68C0-4739-ACE9-980A69E51E70} = {8D4364F3-180A-40D4-B53A-76947871B857}
		{14362EFA-C7CB-4522-B45D-BE8F8958DC5B} = {8D4364F3-180A-40D4-B53A-76947871B857}
		{5E20EC50-FA6C-4089-AA65-B6B968B29FB6} = {8D4364F3-180A-40D4-B53A-76947871B857}
		{759D5BFA-AE09-461F-AEB2-1A3A32365134} = {B1A08783-879C-43EE-A4C2-9220B27B0B6A}
		{1EFF6D23-D0AF-4CC4-97D4-DA18BD7ADCF3} = {B1A08783-879C-43EE-A4C2-9220B27B0B6A}
		{BEBBFDE4-6E80-4E95-8619-939D1476289F} = {B1A08783-879C-43EE-A4C2-9220B27B0B6A}
		{17CCE8BB-9688-48B0-B72C-21D07E3969A1} = {5FAA207C-51C6-4DAD-B01F-45CE32AD0242}
		{C51E49E8-8964-456C-8963-A7BEE338517A} = {5FAA207C-51C6-4DAD-B01F-45CE32AD0242}
		{6665450B-ECDD-44F1-AB45-9610929B01C4} = {5FAA207C-51C6-4DAD-B01F-45CE32AD0242}
		{E8B40348-E95C-4345-A435-B188B6B61530} = {EEA176DA-FF71-42EB-A8C3-051C301F2ECA}
		{F1FFB229-0AE3-4C61-887A-654AC4E84B56} = {EEA176DA-FF71-42EB-A8C3-051C301F2ECA}
		{4ECEDBD4-72BE-4BD0-B7B5-04DFDD4DC0E4} = {EEA176DA-FF71-42EB-A8C3-051C301F2ECA}
		{BD7E1E4D-E224-4266-8E40-FA6B0866D2E7} = {34C7FBA8-3EDD-4273-950A-3C86D8BFB2FE}
		{6476021C-3CC9-4AD4-AB7D-64FB0C74CAA8} = {34C7FBA8-3EDD-4273-950A-3C86D8BFB2FE}
		{8345B5B7-A192-4C32-8EED-BE8A320033F9} = {34C7FBA8-3EDD-4273-950A-3C86D8BFB2FE}
		{C043D60D-383C-4EA7-B396-180C249AE5FF} = {14E417EF-027B-453B-B12F-0296A24A0CEB}
		{7698C6D5-D594-4DFD-863A-662B262533BB} = {14E417EF-027B-453B-B12F-0296A24A0CEB}
		{3E9AB36D-F86B-46E6-8CC5-6E8B91DF5A82} = {14E417EF-027B-453B-B12F-0296A24A0CEB}
		{0F05533C-71AA-408A-88AD-962E79008071} = {F076CFEE-A6BB-4839-8F6B-9F6CBC1D003F}
		{AE86CA82-F805-4F08-82E0-0027A8517A03} = {F076CFEE-A6BB-4839-8F6B-9F6CBC1D003F}
		{62217740-BBB8-49CB-9BA7-799B464AA857} = {F076CFEE-A6BB-4839-8F6B-9F6CBC1D003F}
	EndGlobalSection
	GlobalSection(ExtensibilityGlobals) = postSolution
		SolutionGuid = {C14122E6-0F4D-4780-B777-F32BCAD4AE23}
	EndGlobalSection
EndGlobal
